
Microsoft Visual Studio Solution File, Format Version 12.00
# Visual Studio Version 17
VisualStudioVersion = 17.9.34622.214
MinimumVisualStudioVersion = 10.0.40219.1
Project("{2150E333-8FDC-42A3-9474-1A3956D46DE8}") = "Application", "Application", "{B460DF12-5CCF-4424-A3D2-AF99855E74CF}"
EndProject
Project("{2150E333-8FDC-42A3-9474-1A3956D46DE8}") = "Domain", "Domain", "{19F5CB84-E3E1-4C87-88CB-1CDBD710E6C9}"
EndProject
Project("{2150E333-8FDC-42A3-9474-1A3956D46DE8}") = "Infrastructure", "Infrastructure", "{55198DE7-824C-4133-8DBF-CDBBD4D68DA1}"
EndProject
Project("{2150E333-8FDC-42A3-9474-1A3956D46DE8}") = "Presentation", "Presentation", "{2E6DCF75-A8A7-4774-8174-DD6C7C01A09E}"
EndProject
Project("{FAE04EC0-301F-11D3-BF4B-00C04F79EFBC}") = "TestProject.Application", "Application\TestProject.Application\TestProject.Application.csproj", "{8AC0EDF1-CF11-40A5-9EE9-C047AC4586F2}"
EndProject
Project("{FAE04EC0-301F-11D3-BF4B-00C04F79EFBC}") = "TestProject.Domain", "Domain\TestProject.Domain\TestProject.Domain.csproj", "{55D6BD74-4559-496B-929C-8688A7EBD556}"
EndProject
Project("{FAE04EC0-301F-11D3-BF4B-00C04F79EFBC}") = "TestProject.Infrastructure", "Infrastructure\TestProject.Infrastructure\TestProject.Infrastructure.csproj", "{EB62EA0C-84D9-46EA-AFE3-658EA06255F4}"
EndProject
Project("{FAE04EC0-301F-11D3-BF4B-00C04F79EFBC}") = "TestProject.Presentation", "Presentation\TestProject.Presentation\TestProject.Presentation.csproj", "{E31E4C45-F8B8-40B8-9195-CB2FBC75CC1F}"
EndProject
Global
	GlobalSection(SolutionConfigurationPlatforms) = preSolution
		Debug|Any CPU = Debug|Any CPU
		Release|Any CPU = Release|Any CPU
	EndGlobalSection
	GlobalSection(ProjectConfigurationPlatforms) = postSolution
		{8AC0EDF1-CF11-40A5-9EE9-C047AC4586F2}.Debug|Any CPU.ActiveCfg = Debug|Any CPU
		{8AC0EDF1-CF11-40A5-9EE9-C047AC4586F2}.Debug|Any CPU.Build.0 = Debug|Any CPU
		{8AC0EDF1-CF11-40A5-9EE9-C047AC4586F2}.Release|Any CPU.ActiveCfg = Release|Any CPU
		{8AC0EDF1-CF11-40A5-9EE9-C047AC4586F2}.Release|Any CPU.Build.0 = Release|Any CPU
		{55D6BD74-4559-496B-929C-8688A7EBD556}.Debug|Any CPU.ActiveCfg = Debug|Any CPU
		{55D6BD74-4559-496B-929C-8688A7EBD556}.Debug|Any CPU.Build.0 = Debug|Any CPU
		{55D6BD74-4559-496B-929C-8688A7EBD556}.Release|Any CPU.ActiveCfg = Release|Any CPU
		{55D6BD74-4559-496B-929C-8688A7EBD556}.Release|Any CPU.Build.0 = Release|Any CPU
		{EB62EA0C-84D9-46EA-AFE3-658EA06255F4}.Debug|Any CPU.ActiveCfg = Debug|Any CPU
		{EB62EA0C-84D9-46EA-AFE3-658EA06255F4}.Debug|Any CPU.Build.0 = Debug|Any CPU
		{EB62EA0C-84D9-46EA-AFE3-658EA06255F4}.Release|Any CPU.ActiveCfg = Release|Any CPU
		{EB62EA0C-84D9-46EA-AFE3-658EA06255F4}.Release|Any CPU.Build.0 = Release|Any CPU
		{E31E4C45-F8B8-40B8-9195-CB2FBC75CC1F}.Debug|Any CPU.ActiveCfg = Debug|Any CPU
		{E31E4C45-F8B8-40B8-9195-CB2FBC75CC1F}.Debug|Any CPU.Build.0 = Debug|Any CPU
		{E31E4C45-F8B8-40B8-9195-CB2FBC75CC1F}.Release|Any CPU.ActiveCfg = Release|Any CPU
		{E31E4C45-F8B8-40B8-9195-CB2FBC75CC1F}.Release|Any CPU.Build.0 = Release|Any CPU
	EndGlobalSection
	GlobalSection(SolutionProperties) = preSolution
		HideSolutionNode = FALSE
	EndGlobalSection
	GlobalSection(NestedProjects) = preSolution
		{8AC0EDF1-CF11-40A5-9EE9-C047AC4586F2} = {B460DF12-5CCF-4424-A3D2-AF99855E74CF}
		{55D6BD74-4559-496B-929C-8688A7EBD556} = {19F5CB84-E3E1-4C87-88CB-1CDBD710E6C9}
		{EB62EA0C-84D9-46EA-AFE3-658EA06255F4} = {55198DE7-824C-4133-8DBF-CDBBD4D68DA1}
		{E31E4C45-F8B8-40B8-9195-CB2FBC75CC1F} = {2E6DCF75-A8A7-4774-8174-DD6C7C01A09E}
	EndGlobalSection
	GlobalSection(ExtensibilityGlobals) = postSolution
		SolutionGuid = {FB8177A8-8565-41CA-95AC-AB6EBED5B59D}
	EndGlobalSection
EndGlobal
